
Microsoft Visual Studio Solution File, Format Version 12.00
# Visual Studio Version 17
VisualStudioVersion = 17.3.32901.215
MinimumVisualStudioVersion = 10.0.40219.1
Project("{FAE04EC0-301F-11D3-BF4B-00C04F79EFBC}") = "NullBlock", "NullBlock\NullBlock.csproj", "{D779A50B-7364-473C-9209-3EF5BBBC647C}"
EndProject
Global
	GlobalSection(SolutionConfigurationPlatforms) = preSolution
		Debug|Any CPU = Debug|Any CPU
		Release|Any CPU = Release|Any CPU
	EndGlobalSection
	GlobalSection(ProjectConfigurationPlatforms) = postSolution
		{D779A50B-7364-473C-9209-3EF5BBBC647C}.Debug|Any CPU.ActiveCfg = Debug|Any CPU
		{D779A50B-7364-473C-9209-3EF5BBBC647C}.Debug|Any CPU.Build.0 = Debug|Any CPU
		{D779A50B-7364-473C-9209-3EF5BBBC647C}.Release|Any CPU.ActiveCfg = Release|Any CPU
		{D779A50B-7364-473C-9209-3EF5BBBC647C}.Release|Any CPU.Build.0 = Release|Any CPU
	EndGlobalSection
	GlobalSection(SolutionProperties) = preSolution
		HideSolutionNode = FALSE
	EndGlobalSection
	GlobalSection(ExtensibilityGlobals) = postSolution
		SolutionGuid = {285F95D7-0304-4FFD-87BF-061CDD005DAA}
	EndGlobalSection
EndGlobal
